
Microsoft Visual Studio Solution File, Format Version 12.00
# Visual Studio Version 16
VisualStudioVersion = 16.0.31424.327
MinimumVisualStudioVersion = 10.0.40219.1
Project("{FAE04EC0-301F-11D3-BF4B-00C04F79EFBC}") = "ProxyCheked", "ProxyCheked.csproj", "{EACAB945-0E88-43E2-9624-7A3D0A02E056}"
EndProject
Project("{FAE04EC0-301F-11D3-BF4B-00C04F79EFBC}") = "ConsoleProxyss", "ConsoleProxyss\ConsoleProxyss.csproj", "{BD72DFA0-B767-40F3-A658-52222FE8AA0B}"
EndProject
Global
	GlobalSection(SolutionConfigurationPlatforms) = preSolution
		Debug|Any CPU = Debug|Any CPU
		Release|Any CPU = Release|Any CPU
	EndGlobalSection
	GlobalSection(ProjectConfigurationPlatforms) = postSolution
		{EACAB945-0E88-43E2-9624-7A3D0A02E056}.Debug|Any CPU.ActiveCfg = Debug|Any CPU
		{EACAB945-0E88-43E2-9624-7A3D0A02E056}.Debug|Any CPU.Build.0 = Debug|Any CPU
		{EACAB945-0E88-43E2-9624-7A3D0A02E056}.Release|Any CPU.ActiveCfg = Release|Any CPU
		{EACAB945-0E88-43E2-9624-7A3D0A02E056}.Release|Any CPU.Build.0 = Release|Any CPU
		{BD72DFA0-B767-40F3-A658-52222FE8AA0B}.Debug|Any CPU.ActiveCfg = Debug|Any CPU
		{BD72DFA0-B767-40F3-A658-52222FE8AA0B}.Debug|Any CPU.Build.0 = Debug|Any CPU
		{BD72DFA0-B767-40F3-A658-52222FE8AA0B}.Release|Any CPU.ActiveCfg = Release|Any CPU
		{BD72DFA0-B767-40F3-A658-52222FE8AA0B}.Release|Any CPU.Build.0 = Release|Any CPU
	EndGlobalSection
	GlobalSection(SolutionProperties) = preSolution
		HideSolutionNode = FALSE
	EndGlobalSection
	GlobalSection(ExtensibilityGlobals) = postSolution
		SolutionGuid = {BE606941-8A54-48B6-BFC1-94398484079A}
	EndGlobalSection
EndGlobal
